<?xml version="1.0" encoding="utf-8"?>
<Project ToolsVersion="4.0" xmlns="http://schemas.microsoft.com/developer/msbuild/2003">
  <ItemGroup>
    <Filter Include="소스 파일">
      <UniqueIdentifier>{4FC737F1-C7A5-4376-A066-2A32D752A2FF}</UniqueIdentifier>
      <Extensions>cpp;c;cc;cxx;c++;cppm;ixx;def;odl;idl;hpj;bat;asm;asmx</Extensions>
    </Filter>
    <Filter Include="헤더 파일">
      <UniqueIdentifier>{93995380-89BD-4b04-88EB-625FBE52EBFB}</UniqueIdentifier>
      <Extensions>h;hh;hpp;hxx;h++;hm;inl;inc;ipp;xsd</Extensions>
    </Filter>
    <Filter Include="리소스 파일">
      <UniqueIdentifier>{67DA6AB6-F800-4c08-8B7A-83BB121AAD01}</UniqueIdentifier>
      <Extensions>rc;ico;cur;bmp;dlg;rc2;rct;bin;rgs;gif;jpg;jpeg;jpe;resx;tiff;tif;png;wav;mfcribbon-ms</Extensions>
    </Filter>
    <Filter Include="헤더 파일\Headers">
      <UniqueIdentifier>{35f9a7c7-405d-481a-b713-af06d4614634}</UniqueIdentifier>
    </Filter>
    <Filter Include="헤더 파일\Include">
      <UniqueIdentifier>{45aa63c2-fd0c-43bc-a4ac-e23332f6cd05}</UniqueIdentifier>
    </Filter>
    <Filter Include="소스 파일\00. MainUpdate">
      <UniqueIdentifier>{4cdbf8ae-fc98-4e26-a57c-e4c974595817}</UniqueIdentifier>
    </Filter>
    <Filter Include="소스 파일\01. GameObject">
      <UniqueIdentifier>{ab35d55f-19d0-42de-8ff8-a755e7c41f45}</UniqueIdentifier>
    </Filter>
    <Filter Include="소스 파일\01. GameObject\Player">
      <UniqueIdentifier>{34dd56e2-cc62-4bb1-8dfe-29b43f8ac8bb}</UniqueIdentifier>
    </Filter>
    <Filter Include="소스 파일\01. GameObject\Bullet">
      <UniqueIdentifier>{48419ffc-a849-4d4b-8951-4b11dfe62daf}</UniqueIdentifier>
    </Filter>
    <Filter Include="소스 파일\01. GameObject\Enemy">
      <UniqueIdentifier>{7c5b14e4-721f-49d2-bca8-dab98c2edd82}</UniqueIdentifier>
    </Filter>
    <Filter Include="소스 파일\99. Manager">
      <UniqueIdentifier>{fd51637a-ce1b-4b9b-b185-6b8f3b70231f}</UniqueIdentifier>
    </Filter>
    <Filter Include="소스 파일\99. Manager\ObjectManager">
      <UniqueIdentifier>{520c4271-ef74-4ef1-a0f7-8ca947924a51}</UniqueIdentifier>
    </Filter>
    <Filter Include="소스 파일\99. Manager\CollisionManager">
      <UniqueIdentifier>{06e09dca-e1d1-4ced-aa7e-558fe840f010}</UniqueIdentifier>
    </Filter>
    <Filter Include="소스 파일\99. Manager\SceneManager">
      <UniqueIdentifier>{1173ef2f-e1ed-46a1-b77e-cf3182d2753c}</UniqueIdentifier>
    </Filter>
    <Filter Include="소스 파일\02. Scene">
      <UniqueIdentifier>{ebd93711-df23-441f-a2cb-9fa6fb0de481}</UniqueIdentifier>
    </Filter>
    <Filter Include="소스 파일\02. Scene\Logo">
      <UniqueIdentifier>{9ef93c45-9992-4a84-9547-52afc77602b4}</UniqueIdentifier>
    </Filter>
    <Filter Include="소스 파일\02. Scene\Menu">
      <UniqueIdentifier>{dea2f2a9-57e5-4cda-8e93-6e4ae2fdedb7}</UniqueIdentifier>
    </Filter>
    <Filter Include="소스 파일\02. Scene\Stage">
      <UniqueIdentifier>{9b3623c2-5d59-4941-aec4-55a131344c65}</UniqueIdentifier>
    </Filter>
    <Filter Include="소스 파일\99. Manager\InputManager">
      <UniqueIdentifier>{cfb9b6b7-1317-4f7f-ae6e-677338ce29c7}</UniqueIdentifier>
    </Filter>
    <Filter Include="소스 파일\98. Pattern">
      <UniqueIdentifier>{7191656f-6932-4e84-bb8e-1bd811b0f9f9}</UniqueIdentifier>
    </Filter>
    <Filter Include="소스 파일\98. Pattern\ObjectPool">
      <UniqueIdentifier>{10d14985-a025-4d89-b07d-79a4758dbc4c}</UniqueIdentifier>
    </Filter>
    <Filter Include="소스 파일\98. Pattern\Protptype">
      <UniqueIdentifier>{0d83437a-e51c-4458-a09c-1b5dcf8e3590}</UniqueIdentifier>
    </Filter>
    <Filter Include="소스 파일\98. Pattern\Bridge">
      <UniqueIdentifier>{b9b7e958-b877-409c-a781-809c85310504}</UniqueIdentifier>
    </Filter>
    <Filter Include="소스 파일\01. GameObject\Bullet\BulletBridge">
      <UniqueIdentifier>{ad0eb630-276c-41e7-8973-c05aed1aaf00}</UniqueIdentifier>
    </Filter>
    <Filter Include="소스 파일\01. GameObject\Bullet\BulletBridge\NormalBullet">
      <UniqueIdentifier>{220cf622-ec22-45c6-9fdb-e83af509129b}</UniqueIdentifier>
    </Filter>
    <Filter Include="소스 파일\01. GameObject\Bullet\BulletBridge\GuideBullet">
      <UniqueIdentifier>{2e0ec922-594e-4fcd-af41-138708690cd1}</UniqueIdentifier>
    </Filter>
    <Filter Include="소스 파일\99. Manager\Bitmap">
      <UniqueIdentifier>{c1af8fe1-5d49-48f7-9062-d0e737f50f6a}</UniqueIdentifier>
    </Filter>
    <Filter Include="소스 파일\99. Manager\Bitmap\ImageManager">
      <UniqueIdentifier>{cad2f93a-f16d-4e7e-a755-8b67f5e3d71d}</UniqueIdentifier>
    </Filter>
  </ItemGroup>
  <ItemGroup>
    <ClInclude Include="framework.h">
      <Filter>헤더 파일\Headers</Filter>
    </ClInclude>
    <ClInclude Include="Resource.h">
      <Filter>헤더 파일\Headers</Filter>
    </ClInclude>
    <ClInclude Include="targetver.h">
      <Filter>헤더 파일\Headers</Filter>
    </ClInclude>
    <ClInclude Include="WIN32API_Framework.h">
      <Filter>헤더 파일\Headers</Filter>
    </ClInclude>
    <ClInclude Include="MainUpdate.h">
      <Filter>소스 파일\00. MainUpdate</Filter>
    </ClInclude>
    <ClInclude Include="Define.h">
      <Filter>헤더 파일\Include</Filter>
    </ClInclude>
    <ClInclude Include="Include.h">
      <Filter>헤더 파일\Include</Filter>
    </ClInclude>
    <ClInclude Include="GameObject.h">
      <Filter>소스 파일\01. GameObject</Filter>
    </ClInclude>
    <ClInclude Include="Structs.h">
      <Filter>헤더 파일\Include</Filter>
    </ClInclude>
    <ClInclude Include="Player.h">
      <Filter>소스 파일\01. GameObject\Player</Filter>
    </ClInclude>
    <ClInclude Include="Bullet.h">
      <Filter>소스 파일\01. GameObject\Bullet</Filter>
    </ClInclude>
    <ClInclude Include="Enemy.h">
      <Filter>소스 파일\01. GameObject\Enemy</Filter>
    </ClInclude>
    <ClInclude Include="ObjectManager.h">
      <Filter>소스 파일\99. Manager\ObjectManager</Filter>
    </ClInclude>
    <ClInclude Include="CollisionManager.h">
      <Filter>소스 파일\99. Manager\CollisionManager</Filter>
    </ClInclude>
    <ClInclude Include="SceneManager.h">
      <Filter>소스 파일\99. Manager\SceneManager</Filter>
    </ClInclude>
    <ClInclude Include="Enum.h">
      <Filter>헤더 파일\Include</Filter>
    </ClInclude>
    <ClInclude Include="Scene.h">
      <Filter>소스 파일\02. Scene</Filter>
    </ClInclude>
    <ClInclude Include="Logo.h">
      <Filter>소스 파일\02. Scene\Logo</Filter>
    </ClInclude>
    <ClInclude Include="Menu.h">
      <Filter>소스 파일\02. Scene\Menu</Filter>
    </ClInclude>
    <ClInclude Include="Stage.h">
      <Filter>소스 파일\02. Scene\Stage</Filter>
    </ClInclude>
    <ClInclude Include="InputManager.h">
      <Filter>소스 파일\99. Manager\InputManager</Filter>
    </ClInclude>
    <ClInclude Include="ObjectPool.h">
      <Filter>소스 파일\98. Pattern\ObjectPool</Filter>
    </ClInclude>
    <ClInclude Include="Protptype.h">
      <Filter>소스 파일\98. Pattern\Protptype</Filter>
    </ClInclude>
    <ClInclude Include="Bridge.h">
      <Filter>소스 파일\98. Pattern\Bridge</Filter>
    </ClInclude>
    <ClInclude Include="BulletBridge.h">
      <Filter>소스 파일\01. GameObject\Bullet\BulletBridge</Filter>
    </ClInclude>
    <ClInclude Include="NormalBullet.h">
      <Filter>소스 파일\01. GameObject\Bullet\BulletBridge\NormalBullet</Filter>
    </ClInclude>
    <ClInclude Include="GuideBullet.h">
      <Filter>소스 파일\01. GameObject\Bullet\BulletBridge\GuideBullet</Filter>
    </ClInclude>
    <ClInclude Include="Bitmap.h">
      <Filter>소스 파일\99. Manager\Bitmap</Filter>
    </ClInclude>
    <ClInclude Include="ImageManager.h">
      <Filter>소스 파일\99. Manager\Bitmap\ImageManager</Filter>
    </ClInclude>
  </ItemGroup>
  <ItemGroup>
    <ClCompile Include="WIN32API_Framework.cpp">
      <Filter>소스 파일</Filter>
    </ClCompile>
    <ClCompile Include="MainUpdate.cpp">
      <Filter>소스 파일\00. MainUpdate</Filter>
    </ClCompile>
    <ClCompile Include="GameObject.cpp">
      <Filter>소스 파일\01. GameObject</Filter>
    </ClCompile>
    <ClCompile Include="Player.cpp">
      <Filter>소스 파일\01. GameObject\Player</Filter>
    </ClCompile>
    <ClCompile Include="Bullet.cpp">
      <Filter>소스 파일\01. GameObject\Bullet</Filter>
    </ClCompile>
    <ClCompile Include="Enemy.cpp">
      <Filter>소스 파일\01. GameObject\Enemy</Filter>
    </ClCompile>
    <ClCompile Include="ObjectManager.cpp">
      <Filter>소스 파일\99. Manager\ObjectManager</Filter>
    </ClCompile>
    <ClCompile Include="SceneManager.cpp">
      <Filter>소스 파일\99. Manager\SceneManager</Filter>
    </ClCompile>
    <ClCompile Include="Scene.cpp">
      <Filter>소스 파일\02. Scene</Filter>
    </ClCompile>
    <ClCompile Include="Logo.cpp">
      <Filter>소스 파일\02. Scene\Logo</Filter>
    </ClCompile>
    <ClCompile Include="Menu.cpp">
      <Filter>소스 파일\02. Scene\Menu</Filter>
    </ClCompile>
    <ClCompile Include="Stage.cpp">
      <Filter>소스 파일\02. Scene\Stage</Filter>
    </ClCompile>
    <ClCompile Include="InputManager.cpp">
      <Filter>소스 파일\99. Manager\InputManager</Filter>
    </ClCompile>
    <ClCompile Include="ObjectPool.cpp">
      <Filter>소스 파일\98. Pattern\ObjectPool</Filter>
    </ClCompile>
    <ClCompile Include="Protptype.cpp">
      <Filter>소스 파일\98. Pattern\Protptype</Filter>
    </ClCompile>
    <ClCompile Include="NormalBullet.cpp">
      <Filter>소스 파일\01. GameObject\Bullet\BulletBridge\NormalBullet</Filter>
    </ClCompile>
    <ClCompile Include="GuideBullet.cpp">
      <Filter>소스 파일\01. GameObject\Bullet\BulletBridge\GuideBullet</Filter>
    </ClCompile>
    <ClCompile Include="Bitmap.cpp">
      <Filter>소스 파일\99. Manager\Bitmap</Filter>
    </ClCompile>
    <ClCompile Include="ImageManager.cpp">
      <Filter>소스 파일\99. Manager\Bitmap\ImageManager</Filter>
    </ClCompile>
  </ItemGroup>
  <ItemGroup>
    <ResourceCompile Include="WIN32API_Framework.rc">
      <Filter>리소스 파일</Filter>
    </ResourceCompile>
  </ItemGroup>
  <ItemGroup>
    <Image Include="small.ico">
      <Filter>리소스 파일</Filter>
    </Image>
    <Image Include="WIN32API_Framework.ico">
      <Filter>리소스 파일</Filter>
    </Image>
  </ItemGroup>
  <ItemGroup>
    <None Include="cpp.hint" />
  </ItemGroup>
</Project>